
Microsoft Visual Studio Solution File, Format Version 12.00
# Visual Studio Version 16
VisualStudioVersion = 16.0.31205.134
MinimumVisualStudioVersion = 10.0.40219.1
Project("{FAE04EC0-301F-11D3-BF4B-00C04F79EFBC}") = "UnitTestsStream", "UnitTestsStream\UnitTestsStream.csproj", "{9E6BB29F-66D8-4A52-B630-A3B0DC781A39}"
EndProject
Project("{FAE04EC0-301F-11D3-BF4B-00C04F79EFBC}") = "Tests", "Tests\Tests.csproj", "{349B0AD5-63EF-4D2C-B3C5-EAD81877A899}"
EndProject
Global
	GlobalSection(SolutionConfigurationPlatforms) = preSolution
		Debug|Any CPU = Debug|Any CPU
		Release|Any CPU = Release|Any CPU
	EndGlobalSection
	GlobalSection(ProjectConfigurationPlatforms) = postSolution
		{9E6BB29F-66D8-4A52-B630-A3B0DC781A39}.Debug|Any CPU.ActiveCfg = Debug|Any CPU
		{9E6BB29F-66D8-4A52-B630-A3B0DC781A39}.Debug|Any CPU.Build.0 = Debug|Any CPU
		{9E6BB29F-66D8-4A52-B630-A3B0DC781A39}.Release|Any CPU.ActiveCfg = Release|Any CPU
		{9E6BB29F-66D8-4A52-B630-A3B0DC781A39}.Release|Any CPU.Build.0 = Release|Any CPU
		{349B0AD5-63EF-4D2C-B3C5-EAD81877A899}.Debug|Any CPU.ActiveCfg = Debug|Any CPU
		{349B0AD5-63EF-4D2C-B3C5-EAD81877A899}.Debug|Any CPU.Build.0 = Debug|Any CPU
		{349B0AD5-63EF-4D2C-B3C5-EAD81877A899}.Release|Any CPU.ActiveCfg = Release|Any CPU
		{349B0AD5-63EF-4D2C-B3C5-EAD81877A899}.Release|Any CPU.Build.0 = Release|Any CPU
	EndGlobalSection
	GlobalSection(SolutionProperties) = preSolution
		HideSolutionNode = FALSE
	EndGlobalSection
	GlobalSection(ExtensibilityGlobals) = postSolution
		SolutionGuid = {8BE0A506-B829-484E-A742-2A6A8673B957}
	EndGlobalSection
EndGlobal
